
Microsoft Visual Studio Solution File, Format Version 12.00
# Visual Studio Version 17
VisualStudioVersion = 17.5.33530.505
MinimumVisualStudioVersion = 10.0.40219.1
Project("{8BC9CEB8-8B4A-11D0-8D11-00A0C91BC942}") = "AprenderC++", "AprenderC++\AprenderC++.vcxproj", "{D3702C9F-C10B-464B-81CE-4D3F46FC0F83}"
EndProject
Project("{8BC9CEB8-8B4A-11D0-8D11-00A0C91BC942}") = "MergeSort", "MergeSort\MergeSort.vcxproj", "{07E27662-9A03-4D0D-86B3-3954192A5BA3}"
EndProject
Project("{8BC9CEB8-8B4A-11D0-8D11-00A0C91BC942}") = "STRUCTS", "STRUCTS\STRUCTS.vcxproj", "{EDFE3B18-6582-4CC9-B767-75A6AD5C615C}"
EndProject
Project("{8BC9CEB8-8B4A-11D0-8D11-00A0C91BC942}") = "Classes and Objets", "Classes and Objets\Classes and Objets.vcxproj", "{4A36E57F-BF0C-4132-899B-00B2C13F38B9}"
EndProject
Project("{8BC9CEB8-8B4A-11D0-8D11-00A0C91BC942}") = "BOOOOOX IT", "BOOOOOX IT\BOOOOOX IT.vcxproj", "{E0F72823-A1E3-4AD2-B605-0C89223CBFDA}"
EndProject
Project("{8BC9CEB8-8B4A-11D0-8D11-00A0C91BC942}") = "Throw Exception", "Throw Exception\Throw Exception.vcxproj", "{CBB764BC-4DD9-4361-B4EB-07A40DBE6743}"
EndProject
Project("{8BC9CEB8-8B4A-11D0-8D11-00A0C91BC942}") = "Try Catch", "Try Catch\Try Catch.vcxproj", "{6A69C92C-D7F5-48ED-90AD-424910BABC3E}"
EndProject
Project("{8BC9CEB8-8B4A-11D0-8D11-00A0C91BC942}") = "Funciones VIrtuales y Herencia", "Funciones VIrtuales y Herencia\Funciones VIrtuales y Herencia.vcxproj", "{FF3EA3FB-A92A-4CD3-A0A5-1506750A311C}"
EndProject
Project("{8BC9CEB8-8B4A-11D0-8D11-00A0C91BC942}") = "APRENDIENDO PUNTEROS", "Clases Abstractas Y poliformismo\Clases Abstractas Y poliformismo.vcxproj", "{6E6F533A-E21E-4CBF-BF8E-7830E3AA1FBE}"
EndProject
Project("{8BC9CEB8-8B4A-11D0-8D11-00A0C91BC942}") = "Entrenamiento", "Entrenamiento\Entrenamiento.vcxproj", "{6CFF5C66-6CDD-463A-90A5-B2A13748A202}"
EndProject
Project("{8BC9CEB8-8B4A-11D0-8D11-00A0C91BC942}") = "OrdenarVector", "OrdenarVector\OrdenarVector.vcxproj", "{38D04F9D-38F4-4068-8DB1-7A8E827C9D74}"
EndProject
Project("{8BC9CEB8-8B4A-11D0-8D11-00A0C91BC942}") = "Plantillas", "Plantillas\Plantillas.vcxproj", "{032D82AD-10E9-4ED3-AB80-C254CE373F70}"
EndProject
Project("{8BC9CEB8-8B4A-11D0-8D11-00A0C91BC942}") = "ELPREPROCESADOR", "ELPREPROCESADOR\ELPREPROCESADOR.vcxproj", "{0D7EC1C8-50BB-4399-870D-F2F4BD4E0A96}"
EndProject
Global
	GlobalSection(SolutionConfigurationPlatforms) = preSolution
		Debug|x64 = Debug|x64
		Debug|x86 = Debug|x86
		Release|x64 = Release|x64
		Release|x86 = Release|x86
	EndGlobalSection
	GlobalSection(ProjectConfigurationPlatforms) = postSolution
		{D3702C9F-C10B-464B-81CE-4D3F46FC0F83}.Debug|x64.ActiveCfg = Debug|x64
		{D3702C9F-C10B-464B-81CE-4D3F46FC0F83}.Debug|x64.Build.0 = Debug|x64
		{D3702C9F-C10B-464B-81CE-4D3F46FC0F83}.Debug|x86.ActiveCfg = Debug|Win32
		{D3702C9F-C10B-464B-81CE-4D3F46FC0F83}.Debug|x86.Build.0 = Debug|Win32
		{D3702C9F-C10B-464B-81CE-4D3F46FC0F83}.Release|x64.ActiveCfg = Release|x64
		{D3702C9F-C10B-464B-81CE-4D3F46FC0F83}.Release|x64.Build.0 = Release|x64
		{D3702C9F-C10B-464B-81CE-4D3F46FC0F83}.Release|x86.ActiveCfg = Release|Win32
		{D3702C9F-C10B-464B-81CE-4D3F46FC0F83}.Release|x86.Build.0 = Release|Win32
		{07E27662-9A03-4D0D-86B3-3954192A5BA3}.Debug|x64.ActiveCfg = Debug|x64
		{07E27662-9A03-4D0D-86B3-3954192A5BA3}.Debug|x64.Build.0 = Debug|x64
		{07E27662-9A03-4D0D-86B3-3954192A5BA3}.Debug|x86.ActiveCfg = Debug|Win32
		{07E27662-9A03-4D0D-86B3-3954192A5BA3}.Debug|x86.Build.0 = Debug|Win32
		{07E27662-9A03-4D0D-86B3-3954192A5BA3}.Release|x64.ActiveCfg = Release|x64
		{07E27662-9A03-4D0D-86B3-3954192A5BA3}.Release|x64.Build.0 = Release|x64
		{07E27662-9A03-4D0D-86B3-3954192A5BA3}.Release|x86.ActiveCfg = Release|Win32
		{07E27662-9A03-4D0D-86B3-3954192A5BA3}.Release|x86.Build.0 = Release|Win32
		{EDFE3B18-6582-4CC9-B767-75A6AD5C615C}.Debug|x64.ActiveCfg = Debug|x64
		{EDFE3B18-6582-4CC9-B767-75A6AD5C615C}.Debug|x64.Build.0 = Debug|x64
		{EDFE3B18-6582-4CC9-B767-75A6AD5C615C}.Debug|x86.ActiveCfg = Debug|Win32
		{EDFE3B18-6582-4CC9-B767-75A6AD5C615C}.Debug|x86.Build.0 = Debug|Win32
		{EDFE3B18-6582-4CC9-B767-75A6AD5C615C}.Release|x64.ActiveCfg = Release|x64
		{EDFE3B18-6582-4CC9-B767-75A6AD5C615C}.Release|x64.Build.0 = Release|x64
		{EDFE3B18-6582-4CC9-B767-75A6AD5C615C}.Release|x86.ActiveCfg = Release|Win32
		{EDFE3B18-6582-4CC9-B767-75A6AD5C615C}.Release|x86.Build.0 = Release|Win32
		{4A36E57F-BF0C-4132-899B-00B2C13F38B9}.Debug|x64.ActiveCfg = Debug|x64
		{4A36E57F-BF0C-4132-899B-00B2C13F38B9}.Debug|x64.Build.0 = Debug|x64
		{4A36E57F-BF0C-4132-899B-00B2C13F38B9}.Debug|x86.ActiveCfg = Debug|Win32
		{4A36E57F-BF0C-4132-899B-00B2C13F38B9}.Debug|x86.Build.0 = Debug|Win32
		{4A36E57F-BF0C-4132-899B-00B2C13F38B9}.Release|x64.ActiveCfg = Release|x64
		{4A36E57F-BF0C-4132-899B-00B2C13F38B9}.Release|x64.Build.0 = Release|x64
		{4A36E57F-BF0C-4132-899B-00B2C13F38B9}.Release|x86.ActiveCfg = Release|Win32
		{4A36E57F-BF0C-4132-899B-00B2C13F38B9}.Release|x86.Build.0 = Release|Win32
		{E0F72823-A1E3-4AD2-B605-0C89223CBFDA}.Debug|x64.ActiveCfg = Debug|x64
		{E0F72823-A1E3-4AD2-B605-0C89223CBFDA}.Debug|x64.Build.0 = Debug|x64
		{E0F72823-A1E3-4AD2-B605-0C89223CBFDA}.Debug|x86.ActiveCfg = Debug|Win32
		{E0F72823-A1E3-4AD2-B605-0C89223CBFDA}.Debug|x86.Build.0 = Debug|Win32
		{E0F72823-A1E3-4AD2-B605-0C89223CBFDA}.Release|x64.ActiveCfg = Release|x64
		{E0F72823-A1E3-4AD2-B605-0C89223CBFDA}.Release|x64.Build.0 = Release|x64
		{E0F72823-A1E3-4AD2-B605-0C89223CBFDA}.Release|x86.ActiveCfg = Release|Win32
		{E0F72823-A1E3-4AD2-B605-0C89223CBFDA}.Release|x86.Build.0 = Release|Win32
		{CBB764BC-4DD9-4361-B4EB-07A40DBE6743}.Debug|x64.ActiveCfg = Debug|x64
		{CBB764BC-4DD9-4361-B4EB-07A40DBE6743}.Debug|x64.Build.0 = Debug|x64
		{CBB764BC-4DD9-4361-B4EB-07A40DBE6743}.Debug|x86.ActiveCfg = Debug|Win32
		{CBB764BC-4DD9-4361-B4EB-07A40DBE6743}.Debug|x86.Build.0 = Debug|Win32
		{CBB764BC-4DD9-4361-B4EB-07A40DBE6743}.Release|x64.ActiveCfg = Release|x64
		{CBB764BC-4DD9-4361-B4EB-07A40DBE6743}.Release|x64.Build.0 = Release|x64
		{CBB764BC-4DD9-4361-B4EB-07A40DBE6743}.Release|x86.ActiveCfg = Release|Win32
		{CBB764BC-4DD9-4361-B4EB-07A40DBE6743}.Release|x86.Build.0 = Release|Win32
		{6A69C92C-D7F5-48ED-90AD-424910BABC3E}.Debug|x64.ActiveCfg = Debug|x64
		{6A69C92C-D7F5-48ED-90AD-424910BABC3E}.Debug|x64.Build.0 = Debug|x64
		{6A69C92C-D7F5-48ED-90AD-424910BABC3E}.Debug|x86.ActiveCfg = Debug|Win32
		{6A69C92C-D7F5-48ED-90AD-424910BABC3E}.Debug|x86.Build.0 = Debug|Win32
		{6A69C92C-D7F5-48ED-90AD-424910BABC3E}.Release|x64.ActiveCfg = Release|x64
		{6A69C92C-D7F5-48ED-90AD-424910BABC3E}.Release|x64.Build.0 = Release|x64
		{6A69C92C-D7F5-48ED-90AD-424910BABC3E}.Release|x86.ActiveCfg = Release|Win32
		{6A69C92C-D7F5-48ED-90AD-424910BABC3E}.Release|x86.Build.0 = Release|Win32
		{FF3EA3FB-A92A-4CD3-A0A5-1506750A311C}.Debug|x64.ActiveCfg = Debug|x64
		{FF3EA3FB-A92A-4CD3-A0A5-1506750A311C}.Debug|x64.Build.0 = Debug|x64
		{FF3EA3FB-A92A-4CD3-A0A5-1506750A311C}.Debug|x86.ActiveCfg = Debug|Win32
		{FF3EA3FB-A92A-4CD3-A0A5-1506750A311C}.Debug|x86.Build.0 = Debug|Win32
		{FF3EA3FB-A92A-4CD3-A0A5-1506750A311C}.Release|x64.ActiveCfg = Release|x64
		{FF3EA3FB-A92A-4CD3-A0A5-1506750A311C}.Release|x64.Build.0 = Release|x64
		{FF3EA3FB-A92A-4CD3-A0A5-1506750A311C}.Release|x86.ActiveCfg = Release|Win32
		{FF3EA3FB-A92A-4CD3-A0A5-1506750A311C}.Release|x86.Build.0 = Release|Win32
		{6E6F533A-E21E-4CBF-BF8E-7830E3AA1FBE}.Debug|x64.ActiveCfg = Debug|x64
		{6E6F533A-E21E-4CBF-BF8E-7830E3AA1FBE}.Debug|x64.Build.0 = Debug|x64
		{6E6F533A-E21E-4CBF-BF8E-7830E3AA1FBE}.Debug|x86.ActiveCfg = Debug|Win32
		{6E6F533A-E21E-4CBF-BF8E-7830E3AA1FBE}.Debug|x86.Build.0 = Debug|Win32
		{6E6F533A-E21E-4CBF-BF8E-7830E3AA1FBE}.Release|x64.ActiveCfg = Release|x64
		{6E6F533A-E21E-4CBF-BF8E-7830E3AA1FBE}.Release|x64.Build.0 = Release|x64
		{6E6F533A-E21E-4CBF-BF8E-7830E3AA1FBE}.Release|x86.ActiveCfg = Release|Win32
		{6E6F533A-E21E-4CBF-BF8E-7830E3AA1FBE}.Release|x86.Build.0 = Release|Win32
		{6CFF5C66-6CDD-463A-90A5-B2A13748A202}.Debug|x64.ActiveCfg = Debug|x64
		{6CFF5C66-6CDD-463A-90A5-B2A13748A202}.Debug|x64.Build.0 = Debug|x64
		{6CFF5C66-6CDD-463A-90A5-B2A13748A202}.Debug|x86.ActiveCfg = Debug|Win32
		{6CFF5C66-6CDD-463A-90A5-B2A13748A202}.Debug|x86.Build.0 = Debug|Win32
		{6CFF5C66-6CDD-463A-90A5-B2A13748A202}.Release|x64.ActiveCfg = Release|x64
		{6CFF5C66-6CDD-463A-90A5-B2A13748A202}.Release|x64.Build.0 = Release|x64
		{6CFF5C66-6CDD-463A-90A5-B2A13748A202}.Release|x86.ActiveCfg = Release|Win32
		{6CFF5C66-6CDD-463A-90A5-B2A13748A202}.Release|x86.Build.0 = Release|Win32
		{38D04F9D-38F4-4068-8DB1-7A8E827C9D74}.Debug|x64.ActiveCfg = Debug|x64
		{38D04F9D-38F4-4068-8DB1-7A8E827C9D74}.Debug|x64.Build.0 = Debug|x64
		{38D04F9D-38F4-4068-8DB1-7A8E827C9D74}.Debug|x86.ActiveCfg = Debug|Win32
		{38D04F9D-38F4-4068-8DB1-7A8E827C9D74}.Debug|x86.Build.0 = Debug|Win32
		{38D04F9D-38F4-4068-8DB1-7A8E827C9D74}.Release|x64.ActiveCfg = Release|x64
		{38D04F9D-38F4-4068-8DB1-7A8E827C9D74}.Release|x64.Build.0 = Release|x64
		{38D04F9D-38F4-4068-8DB1-7A8E827C9D74}.Release|x86.ActiveCfg = Release|Win32
		{38D04F9D-38F4-4068-8DB1-7A8E827C9D74}.Release|x86.Build.0 = Release|Win32
		{032D82AD-10E9-4ED3-AB80-C254CE373F70}.Debug|x64.ActiveCfg = Debug|x64
		{032D82AD-10E9-4ED3-AB80-C254CE373F70}.Debug|x64.Build.0 = Debug|x64
		{032D82AD-10E9-4ED3-AB80-C254CE373F70}.Debug|x86.ActiveCfg = Debug|Win32
		{032D82AD-10E9-4ED3-AB80-C254CE373F70}.Debug|x86.Build.0 = Debug|Win32
		{032D82AD-10E9-4ED3-AB80-C254CE373F70}.Release|x64.ActiveCfg = Release|x64
		{032D82AD-10E9-4ED3-AB80-C254CE373F70}.Release|x64.Build.0 = Release|x64
		{032D82AD-10E9-4ED3-AB80-C254CE373F70}.Release|x86.ActiveCfg = Release|Win32
		{032D82AD-10E9-4ED3-AB80-C254CE373F70}.Release|x86.Build.0 = Release|Win32
		{0D7EC1C8-50BB-4399-870D-F2F4BD4E0A96}.Debug|x64.ActiveCfg = Debug|x64
		{0D7EC1C8-50BB-4399-870D-F2F4BD4E0A96}.Debug|x64.Build.0 = Debug|x64
		{0D7EC1C8-50BB-4399-870D-F2F4BD4E0A96}.Debug|x86.ActiveCfg = Debug|Win32
		{0D7EC1C8-50BB-4399-870D-F2F4BD4E0A96}.Debug|x86.Build.0 = Debug|Win32
		{0D7EC1C8-50BB-4399-870D-F2F4BD4E0A96}.Release|x64.ActiveCfg = Release|x64
		{0D7EC1C8-50BB-4399-870D-F2F4BD4E0A96}.Release|x64.Build.0 = Release|x64
		{0D7EC1C8-50BB-4399-870D-F2F4BD4E0A96}.Release|x86.ActiveCfg = Release|Win32
		{0D7EC1C8-50BB-4399-870D-F2F4BD4E0A96}.Release|x86.Build.0 = Release|Win32
	EndGlobalSection
	GlobalSection(SolutionProperties) = preSolution
		HideSolutionNode = FALSE
	EndGlobalSection
	GlobalSection(ExtensibilityGlobals) = postSolution
		SolutionGuid = {DFFB8A9E-89FA-4207-BA85-E55E95AA4D98}
	EndGlobalSection
EndGlobal
